
Microsoft Visual Studio Solution File, Format Version 12.00
# Visual Studio Version 16
VisualStudioVersion = 16.0.30804.86
MinimumVisualStudioVersion = 10.0.40219.1
Project("{FAE04EC0-301F-11D3-BF4B-00C04F79EFBC}") = "Domain", "Domain\Domain.csproj", "{DE151B06-CE5F-4EFB-9836-5BCDF2CBF3E2}"
EndProject
Project("{FAE04EC0-301F-11D3-BF4B-00C04F79EFBC}") = "Application", "Application\Application.csproj", "{B3F794AF-35FC-4F42-91DD-8FD9B3275D18}"
EndProject
Project("{FAE04EC0-301F-11D3-BF4B-00C04F79EFBC}") = "Infrastructure", "Infrastructure\Infrastructure.csproj", "{CE85BF7F-A3C2-4871-B17A-A87C14435EF2}"
EndProject
Project("{FAE04EC0-301F-11D3-BF4B-00C04F79EFBC}") = "MVC", "MVC\MVC.csproj", "{3EEF1D4D-B285-42B6-8888-29FE0FDE13F6}"
EndProject
Global
	GlobalSection(SolutionConfigurationPlatforms) = preSolution
		Debug|Any CPU = Debug|Any CPU
		Release|Any CPU = Release|Any CPU
	EndGlobalSection
	GlobalSection(ProjectConfigurationPlatforms) = postSolution
		{DE151B06-CE5F-4EFB-9836-5BCDF2CBF3E2}.Debug|Any CPU.ActiveCfg = Debug|Any CPU
		{DE151B06-CE5F-4EFB-9836-5BCDF2CBF3E2}.Debug|Any CPU.Build.0 = Debug|Any CPU
		{DE151B06-CE5F-4EFB-9836-5BCDF2CBF3E2}.Release|Any CPU.ActiveCfg = Release|Any CPU
		{DE151B06-CE5F-4EFB-9836-5BCDF2CBF3E2}.Release|Any CPU.Build.0 = Release|Any CPU
		{B3F794AF-35FC-4F42-91DD-8FD9B3275D18}.Debug|Any CPU.ActiveCfg = Debug|Any CPU
		{B3F794AF-35FC-4F42-91DD-8FD9B3275D18}.Debug|Any CPU.Build.0 = Debug|Any CPU
		{B3F794AF-35FC-4F42-91DD-8FD9B3275D18}.Release|Any CPU.ActiveCfg = Release|Any CPU
		{B3F794AF-35FC-4F42-91DD-8FD9B3275D18}.Release|Any CPU.Build.0 = Release|Any CPU
		{CE85BF7F-A3C2-4871-B17A-A87C14435EF2}.Debug|Any CPU.ActiveCfg = Debug|Any CPU
		{CE85BF7F-A3C2-4871-B17A-A87C14435EF2}.Debug|Any CPU.Build.0 = Debug|Any CPU
		{CE85BF7F-A3C2-4871-B17A-A87C14435EF2}.Release|Any CPU.ActiveCfg = Release|Any CPU
		{CE85BF7F-A3C2-4871-B17A-A87C14435EF2}.Release|Any CPU.Build.0 = Release|Any CPU
		{3EEF1D4D-B285-42B6-8888-29FE0FDE13F6}.Debug|Any CPU.ActiveCfg = Debug|Any CPU
		{3EEF1D4D-B285-42B6-8888-29FE0FDE13F6}.Debug|Any CPU.Build.0 = Debug|Any CPU
		{3EEF1D4D-B285-42B6-8888-29FE0FDE13F6}.Release|Any CPU.ActiveCfg = Release|Any CPU
		{3EEF1D4D-B285-42B6-8888-29FE0FDE13F6}.Release|Any CPU.Build.0 = Release|Any CPU
	EndGlobalSection
	GlobalSection(SolutionProperties) = preSolution
		HideSolutionNode = FALSE
	EndGlobalSection
	GlobalSection(ExtensibilityGlobals) = postSolution
		SolutionGuid = {777546FF-D065-442E-9C8B-B3D1F724D60B}
	EndGlobalSection
EndGlobal
